github.com/ying32/dylib v0.0.0-20200621115505-e0d4e1c67460 h1:8eP6y2Gm1jle4muu1HsTdIm1Hmy9UbJUmMLBuDrxsnA=
github.com/ying32/dylib v0.0.0-20200621115505-e0d4e1c67460/go.mod h1:WPBTfbqg/aA1xqHFPB4fgBHETq/G/75yErbnexmaEOo=
github.com/ying32/govcl v1.2.10 h1:n0Z0DdrzKP6ia1NII4TVDnp0WumQ0X66MvV3NSh9yQk=
github.com/ying32/govcl v2.0.4+incompatible h1:FY1goGBOqzNx1mNeHXVaQJswohSR/SE6Q1upn05+r9A=
github.com/ying32/govcl v2.0.4+incompatible/go.mod h1:yZVtbJ9Md1nAVxtHKIriKZn4K6TQYqI1en3sN/m9FJ8=
golang.org/x/sys v0.0.0-20200724161237-0e2f3a69832c h1:UIcGWL6/wpCfyGuJnRFJRurA+yj8RrW7Q6x2YMCXt6c=
golang.org/x/sys v0.0.0-20200724161237-0e2f3a69832c/go.mod h1:h1NjWce9XRLGQEsW7wpKNCjG9DtNlClVuFLEZdDNbEs=
golang.org/x/text v0.3.3 h1:cokOdA+Jmi5PJGXLlLllQSgYigAEfHXJAERHVMaCc2k=
golang.org/x/text v0.3.3/go.mod h1:5Zoc/QRtKVWzQhOtBMvqHzDpF6irO9z98xDceosuGiQ=
golang.org/x/tools v0.0.0-20180917221912-90fa682c2a6e/go.mod h1:n7NCudcB/nEzxVGmLbDWY5pfWTLqBcC2KZ6jyYvM4mQ=
